PODS:
  - SDWebImage (5.8.4):
    - SDWebImage/Core (= 5.8.4)
  - SDWebImage/Core (5.8.4)
  - WB_ZLPhotoBrowser (3.2.2):
    - SDWebImage

DEPENDENCIES:
  - WB_ZLPhotoBrowser (from `../`)

SPEC REPOS:
  trunk:
    - SDWebImage

EXTERNAL SOURCES:
  WB_ZLPhotoBrowser:
    :path: "../"

SPEC CHECKSUMS:
  SDWebImage: cf6922231e95550934da2ada0f20f2becf2ceba9
  WB_ZLPhotoBrowser: e32744a01cc130c6aaf2586713837bc04153f41e

PODFILE CHECKSUM: f47cecb46ab000f52852a4ffed138802638d9f9b

COCOAPODS: 1.10.0
