PODS:
  - SDWebImage (5.8.4):
    - SDWebImage/Core (= 5.8.4)
  - SDWebImage/Core (5.8.4)
  - WB_ZLPhotoBrowser (1.0.0):
    - SDWebImage

DEPENDENCIES:
  - WB_ZLPhotoBrowser (from `../`)

SPEC REPOS:
  trunk:
    - SDWebImage

EXTERNAL SOURCES:
  WB_ZLPhotoBrowser:
    :path: "../"

SPEC CHECKSUMS:
  SDWebImage: cf6922231e95550934da2ada0f20f2becf2ceba9
  WB_ZLPhotoBrowser: f3f75eca05c202cfbb5cc176d243c577e27ce61e

PODFILE CHECKSUM: 2ba4e130a0137f9591ed61fa643e8a98d7f2e3ba

COCOAPODS: 1.9.3
